
Microsoft Visual Studio Solution File, Format Version 12.00
# Visual Studio Version 17
VisualStudioVersion = 17.5.33414.496
MinimumVisualStudioVersion = 10.0.40219.1
Project("{2150E333-8FDC-42A3-9474-1A3956D46DE8}") = "Price Prediction", "Price Prediction", "{5BE839AC-AD92-4EF5-8B46-9DC3689FA2DD}"
EndProject
Project("{9A19103F-16F7-4668-BE54-9A1E7A4F7556}") = "Laptop-Price-Prediction", "Price Prediction\Laptop-Price-Prediction\Laptop-Price-Prediction.csproj", "{79E65225-E613-4F2B-9E96-4D429E4656E5}"
EndProject
Project("{9A19103F-16F7-4668-BE54-9A1E7A4F7556}") = "PricePredictionModel_Console", "Price Prediction\PricePredictionModel_Console\PricePredictionModel_Console.csproj", "{20ED1108-0DCE-46D9-8B59-331860786026}"
EndProject
Project("{2150E333-8FDC-42A3-9474-1A3956D46DE8}") = "Aggression Scorer", "Aggression Scorer", "{33B44350-A39B-4734-9B38-5214654641A3}"
EndProject
Project("{9A19103F-16F7-4668-BE54-9A1E7A4F7556}") = "AggressionScorerModel", "Aggression Scorer\AggressionScorerModel\AggressionScorerModel.csproj", "{6749AAFB-A8EA-4B06-BB79-A271271A8652}"
EndProject
Project("{9A19103F-16F7-4668-BE54-9A1E7A4F7556}") = "AggressionScorer", "Aggression Scorer\AggressionScorer\AggressionScorer.csproj", "{3CFA019F-0E2A-4AC2-8FAD-EB7530C03BDA}"
EndProject
Project("{9A19103F-16F7-4668-BE54-9A1E7A4F7556}") = "AggressionScorerAPI", "Aggression Scorer\AggressionScorerAPI\AggressionScorerAPI.csproj", "{E58BB0A6-0F18-4EAB-A635-3104BD3BD8A9}"
EndProject
Project("{2150E333-8FDC-42A3-9474-1A3956D46DE8}") = "News Classifier", "News Classifier", "{A5E6C4FD-A11C-4D9D-8416-9BC5A7BB2E1E}"
EndProject
Project("{FAE04EC0-301F-11D3-BF4B-00C04F79EFBC}") = "NewsClassifier", "News Classifier\NewsClassifier\NewsClassifier.csproj", "{E2B7C241-8E25-4AE1-AC83-2C932E289A54}"
EndProject
Project("{FAE04EC0-301F-11D3-BF4B-00C04F79EFBC}") = "NewsClassifierModel", "News Classifier\NewsClassifierModel\NewsClassifierModel.csproj", "{43D5EA5B-0A54-4E72-8957-1D585B4BB705}"
EndProject
Project("{FAE04EC0-301F-11D3-BF4B-00C04F79EFBC}") = "NewsClassifierTrainer", "News Classifier\NewsClassifierTrainer\NewsClassifierTrainer.csproj", "{6F84288E-FCBB-49D6-95BD-473759001265}"
EndProject
Global
	GlobalSection(SolutionConfigurationPlatforms) = preSolution
		Debug|Any CPU = Debug|Any CPU
		Release|Any CPU = Release|Any CPU
	EndGlobalSection
	GlobalSection(ProjectConfigurationPlatforms) = postSolution
		{79E65225-E613-4F2B-9E96-4D429E4656E5}.Debug|Any CPU.ActiveCfg = Debug|Any CPU
		{79E65225-E613-4F2B-9E96-4D429E4656E5}.Debug|Any CPU.Build.0 = Debug|Any CPU
		{79E65225-E613-4F2B-9E96-4D429E4656E5}.Release|Any CPU.ActiveCfg = Release|Any CPU
		{79E65225-E613-4F2B-9E96-4D429E4656E5}.Release|Any CPU.Build.0 = Release|Any CPU
		{20ED1108-0DCE-46D9-8B59-331860786026}.Debug|Any CPU.ActiveCfg = Debug|Any CPU
		{20ED1108-0DCE-46D9-8B59-331860786026}.Debug|Any CPU.Build.0 = Debug|Any CPU
		{20ED1108-0DCE-46D9-8B59-331860786026}.Release|Any CPU.ActiveCfg = Release|Any CPU
		{20ED1108-0DCE-46D9-8B59-331860786026}.Release|Any CPU.Build.0 = Release|Any CPU
		{6749AAFB-A8EA-4B06-BB79-A271271A8652}.Debug|Any CPU.ActiveCfg = Debug|Any CPU
		{6749AAFB-A8EA-4B06-BB79-A271271A8652}.Debug|Any CPU.Build.0 = Debug|Any CPU
		{6749AAFB-A8EA-4B06-BB79-A271271A8652}.Release|Any CPU.ActiveCfg = Release|Any CPU
		{6749AAFB-A8EA-4B06-BB79-A271271A8652}.Release|Any CPU.Build.0 = Release|Any CPU
		{3CFA019F-0E2A-4AC2-8FAD-EB7530C03BDA}.Debug|Any CPU.ActiveCfg = Debug|Any CPU
		{3CFA019F-0E2A-4AC2-8FAD-EB7530C03BDA}.Debug|Any CPU.Build.0 = Debug|Any CPU
		{3CFA019F-0E2A-4AC2-8FAD-EB7530C03BDA}.Release|Any CPU.ActiveCfg = Release|Any CPU
		{3CFA019F-0E2A-4AC2-8FAD-EB7530C03BDA}.Release|Any CPU.Build.0 = Release|Any CPU
		{E58BB0A6-0F18-4EAB-A635-3104BD3BD8A9}.Debug|Any CPU.ActiveCfg = Debug|Any CPU
		{E58BB0A6-0F18-4EAB-A635-3104BD3BD8A9}.Debug|Any CPU.Build.0 = Debug|Any CPU
		{E58BB0A6-0F18-4EAB-A635-3104BD3BD8A9}.Release|Any CPU.ActiveCfg = Release|Any CPU
		{E58BB0A6-0F18-4EAB-A635-3104BD3BD8A9}.Release|Any CPU.Build.0 = Release|Any CPU
		{E2B7C241-8E25-4AE1-AC83-2C932E289A54}.Debug|Any CPU.ActiveCfg = Debug|Any CPU
		{E2B7C241-8E25-4AE1-AC83-2C932E289A54}.Debug|Any CPU.Build.0 = Debug|Any CPU
		{E2B7C241-8E25-4AE1-AC83-2C932E289A54}.Release|Any CPU.ActiveCfg = Release|Any CPU
		{E2B7C241-8E25-4AE1-AC83-2C932E289A54}.Release|Any CPU.Build.0 = Release|Any CPU
		{43D5EA5B-0A54-4E72-8957-1D585B4BB705}.Debug|Any CPU.ActiveCfg = Debug|Any CPU
		{43D5EA5B-0A54-4E72-8957-1D585B4BB705}.Debug|Any CPU.Build.0 = Debug|Any CPU
		{43D5EA5B-0A54-4E72-8957-1D585B4BB705}.Release|Any CPU.ActiveCfg = Release|Any CPU
		{43D5EA5B-0A54-4E72-8957-1D585B4BB705}.Release|Any CPU.Build.0 = Release|Any CPU
		{6F84288E-FCBB-49D6-95BD-473759001265}.Debug|Any CPU.ActiveCfg = Debug|Any CPU
		{6F84288E-FCBB-49D6-95BD-473759001265}.Debug|Any CPU.Build.0 = Debug|Any CPU
		{6F84288E-FCBB-49D6-95BD-473759001265}.Release|Any CPU.ActiveCfg = Release|Any CPU
		{6F84288E-FCBB-49D6-95BD-473759001265}.Release|Any CPU.Build.0 = Release|Any CPU
	EndGlobalSection
	GlobalSection(SolutionProperties) = preSolution
		HideSolutionNode = FALSE
	EndGlobalSection
	GlobalSection(NestedProjects) = preSolution
		{79E65225-E613-4F2B-9E96-4D429E4656E5} = {5BE839AC-AD92-4EF5-8B46-9DC3689FA2DD}
		{20ED1108-0DCE-46D9-8B59-331860786026} = {5BE839AC-AD92-4EF5-8B46-9DC3689FA2DD}
		{6749AAFB-A8EA-4B06-BB79-A271271A8652} = {33B44350-A39B-4734-9B38-5214654641A3}
		{3CFA019F-0E2A-4AC2-8FAD-EB7530C03BDA} = {33B44350-A39B-4734-9B38-5214654641A3}
		{E58BB0A6-0F18-4EAB-A635-3104BD3BD8A9} = {33B44350-A39B-4734-9B38-5214654641A3}
		{E2B7C241-8E25-4AE1-AC83-2C932E289A54} = {A5E6C4FD-A11C-4D9D-8416-9BC5A7BB2E1E}
		{43D5EA5B-0A54-4E72-8957-1D585B4BB705} = {A5E6C4FD-A11C-4D9D-8416-9BC5A7BB2E1E}
		{6F84288E-FCBB-49D6-95BD-473759001265} = {A5E6C4FD-A11C-4D9D-8416-9BC5A7BB2E1E}
	EndGlobalSection
	GlobalSection(ExtensibilityGlobals) = postSolution
		SolutionGuid = {2784A78D-43F5-4FAF-9594-18A1D086D9E2}
	EndGlobalSection
EndGlobal
