
Microsoft Visual Studio Solution File, Format Version 12.00
# Visual Studio Version 17
VisualStudioVersion = 17.5.33414.496
MinimumVisualStudioVersion = 10.0.40219.1
Project("{2150E333-8FDC-42A3-9474-1A3956D46DE8}") = "Price Prediction", "Price Prediction", "{5BE839AC-AD92-4EF5-8B46-9DC3689FA2DD}"
EndProject
Project("{9A19103F-16F7-4668-BE54-9A1E7A4F7556}") = "Laptop-Price-Prediction", "Price Prediction\Laptop-Price-Prediction\Laptop-Price-Prediction.csproj", "{79E65225-E613-4F2B-9E96-4D429E4656E5}"
EndProject
Project("{9A19103F-16F7-4668-BE54-9A1E7A4F7556}") = "PricePredictionModel_Console", "Price Prediction\PricePredictionModel_Console\PricePredictionModel_Console.csproj", "{20ED1108-0DCE-46D9-8B59-331860786026}"
EndProject
Project("{2150E333-8FDC-42A3-9474-1A3956D46DE8}") = "Aggression Scorer", "Aggression Scorer", "{33B44350-A39B-4734-9B38-5214654641A3}"
EndProject
Project("{9A19103F-16F7-4668-BE54-9A1E7A4F7556}") = "AggressionScorerModel", "Aggression Scorer\AggressionScorerModel\AggressionScorerModel.csproj", "{6749AAFB-A8EA-4B06-BB79-A271271A8652}"
EndProject
Project("{9A19103F-16F7-4668-BE54-9A1E7A4F7556}") = "AggressionScorer", "Aggression Scorer\AggressionScorer\AggressionScorer.csproj", "{3CFA019F-0E2A-4AC2-8FAD-EB7530C03BDA}"
EndProject
Project("{9A19103F-16F7-4668-BE54-9A1E7A4F7556}") = "AggressionScorerAPI", "Aggression Scorer\AggressionScorerAPI\AggressionScorerAPI.csproj", "{E58BB0A6-0F18-4EAB-A635-3104BD3BD8A9}"
EndProject
Project("{2150E333-8FDC-42A3-9474-1A3956D46DE8}") = "News Classifier", "News Classifier", "{A5E6C4FD-A11C-4D9D-8416-9BC5A7BB2E1E}"
EndProject
Project("{9A19103F-16F7-4668-BE54-9A1E7A4F7556}") = "NewsClassifier", "News Classifier\NewsClassifier\NewsClassifier.csproj", "{E2B7C241-8E25-4AE1-AC83-2C932E289A54}"
EndProject
Project("{9A19103F-16F7-4668-BE54-9A1E7A4F7556}") = "NewsClassifierModel", "News Classifier\NewsClassifierModel\NewsClassifierModel.csproj", "{43D5EA5B-0A54-4E72-8957-1D585B4BB705}"
EndProject
Project("{9A19103F-16F7-4668-BE54-9A1E7A4F7556}") = "NewsClassifierTrainer", "News Classifier\NewsClassifierTrainer\NewsClassifierTrainer.csproj", "{6F84288E-FCBB-49D6-95BD-473759001265}"
EndProject
Project("{2150E333-8FDC-42A3-9474-1A3956D46DE8}") = "Recommender System", "Recommender System", "{6C9251E3-E1CE-4F24-B13B-D8C165BE1492}"
EndProject
Project("{9A19103F-16F7-4668-BE54-9A1E7A4F7556}") = "RecommenderSystem", "Recommender System\RecommenderSystem\RecommenderSystem.csproj", "{488D5059-51DB-4D1D-BC64-FFC1BA18D0E2}"
EndProject
Project("{2150E333-8FDC-42A3-9474-1A3956D46DE8}") = "Image Classifier", "Image Classifier", "{E794E63B-059C-4F2F-9BE6-F1A9DA31E648}"
EndProject
Project("{9A19103F-16F7-4668-BE54-9A1E7A4F7556}") = "ImageClassifierTrainer", "Image Classifier\ImageClassifierTrainer\ImageClassifierTrainer.csproj", "{E5699032-CFC0-49DE-AB56-79B97A50CA22}"
EndProject
Project("{9A19103F-16F7-4668-BE54-9A1E7A4F7556}") = "MeerkatModel", "Image Classifier\MeerkatModel\MeerkatModel.csproj", "{98AF03C6-F757-461C-8C3B-B4DA32AFE3D7}"
EndProject
Project("{9A19103F-16F7-4668-BE54-9A1E7A4F7556}") = "MeerkatGUI", "Image Classifier\MeerkatGUI\MeerkatGUI.csproj", "{8E110949-2128-4F99-B227-18EDD2C1156C}"
EndProject
Project("{2150E333-8FDC-42A3-9474-1A3956D46DE8}") = "Solution Items", "Solution Items", "{93DB7D88-92F7-4C26-89DE-693737A148D8}"
	ProjectSection(SolutionItems) = preProject
		.gitattributes = .gitattributes
		.gitignore = .gitignore
		LICENSE.txt = LICENSE.txt
		README.md = README.md
	EndProjectSection
EndProject
Project("{2150E333-8FDC-42A3-9474-1A3956D46DE8}") = "Facial Expression", "Facial Expression", "{E18E5AA9-D0EF-465F-AF61-27C95E170873}"
EndProject
Project("{9A19103F-16F7-4668-BE54-9A1E7A4F7556}") = "FacialExpressionDetector", "Facial Expression\FacialExpressionDetector\FacialExpressionDetector.csproj", "{A4A33E2F-E3C4-4507-B1FF-32DC45C97721}"
EndProject
Project("{9A19103F-16F7-4668-BE54-9A1E7A4F7556}") = "FacialExpressionDetectorCLI", "Facial Expression\FacialExpressionDetectorCLI\FacialExpressionDetectorCLI.csproj", "{F5324319-39D4-40ED-BBC8-881ACE3AF9E2}"
EndProject
Project("{9A19103F-16F7-4668-BE54-9A1E7A4F7556}") = "WebcamEmotionDetector", "Facial Expression\WebcamEmotionDetector\WebcamEmotionDetector.csproj", "{2934BB60-57E8-4144-8841-DEFF62286D39}"
EndProject
Project("{2150E333-8FDC-42A3-9474-1A3956D46DE8}") = "SentenceSimilarity", "SentenceSimilarity", "{4B339E08-659F-4F88-8BB4-EC3274BE78C7}"
EndProject
Project("{FAE04EC0-301F-11D3-BF4B-00C04F79EFBC}") = "SentenceSimilarityPOC", "SentenceSimilarity\SentenceSimilarityPOC\SentenceSimilarityPOC.csproj", "{50131055-2798-41EB-B564-71CD2C975CFE}"
EndProject
Global
	GlobalSection(SolutionConfigurationPlatforms) = preSolution
		Debug|Any CPU = Debug|Any CPU
		Release|Any CPU = Release|Any CPU
	EndGlobalSection
	GlobalSection(ProjectConfigurationPlatforms) = postSolution
		{79E65225-E613-4F2B-9E96-4D429E4656E5}.Debug|Any CPU.ActiveCfg = Debug|Any CPU
		{79E65225-E613-4F2B-9E96-4D429E4656E5}.Debug|Any CPU.Build.0 = Debug|Any CPU
		{79E65225-E613-4F2B-9E96-4D429E4656E5}.Release|Any CPU.ActiveCfg = Release|Any CPU
		{79E65225-E613-4F2B-9E96-4D429E4656E5}.Release|Any CPU.Build.0 = Release|Any CPU
		{20ED1108-0DCE-46D9-8B59-331860786026}.Debug|Any CPU.ActiveCfg = Debug|Any CPU
		{20ED1108-0DCE-46D9-8B59-331860786026}.Debug|Any CPU.Build.0 = Debug|Any CPU
		{20ED1108-0DCE-46D9-8B59-331860786026}.Release|Any CPU.ActiveCfg = Release|Any CPU
		{20ED1108-0DCE-46D9-8B59-331860786026}.Release|Any CPU.Build.0 = Release|Any CPU
		{6749AAFB-A8EA-4B06-BB79-A271271A8652}.Debug|Any CPU.ActiveCfg = Debug|Any CPU
		{6749AAFB-A8EA-4B06-BB79-A271271A8652}.Debug|Any CPU.Build.0 = Debug|Any CPU
		{6749AAFB-A8EA-4B06-BB79-A271271A8652}.Release|Any CPU.ActiveCfg = Release|Any CPU
		{6749AAFB-A8EA-4B06-BB79-A271271A8652}.Release|Any CPU.Build.0 = Release|Any CPU
		{3CFA019F-0E2A-4AC2-8FAD-EB7530C03BDA}.Debug|Any CPU.ActiveCfg = Debug|Any CPU
		{3CFA019F-0E2A-4AC2-8FAD-EB7530C03BDA}.Debug|Any CPU.Build.0 = Debug|Any CPU
		{3CFA019F-0E2A-4AC2-8FAD-EB7530C03BDA}.Release|Any CPU.ActiveCfg = Release|Any CPU
		{3CFA019F-0E2A-4AC2-8FAD-EB7530C03BDA}.Release|Any CPU.Build.0 = Release|Any CPU
		{E58BB0A6-0F18-4EAB-A635-3104BD3BD8A9}.Debug|Any CPU.ActiveCfg = Debug|Any CPU
		{E58BB0A6-0F18-4EAB-A635-3104BD3BD8A9}.Debug|Any CPU.Build.0 = Debug|Any CPU
		{E58BB0A6-0F18-4EAB-A635-3104BD3BD8A9}.Release|Any CPU.ActiveCfg = Release|Any CPU
		{E58BB0A6-0F18-4EAB-A635-3104BD3BD8A9}.Release|Any CPU.Build.0 = Release|Any CPU
		{E2B7C241-8E25-4AE1-AC83-2C932E289A54}.Debug|Any CPU.ActiveCfg = Debug|Any CPU
		{E2B7C241-8E25-4AE1-AC83-2C932E289A54}.Debug|Any CPU.Build.0 = Debug|Any CPU
		{E2B7C241-8E25-4AE1-AC83-2C932E289A54}.Release|Any CPU.ActiveCfg = Release|Any CPU
		{E2B7C241-8E25-4AE1-AC83-2C932E289A54}.Release|Any CPU.Build.0 = Release|Any CPU
		{43D5EA5B-0A54-4E72-8957-1D585B4BB705}.Debug|Any CPU.ActiveCfg = Debug|Any CPU
		{43D5EA5B-0A54-4E72-8957-1D585B4BB705}.Debug|Any CPU.Build.0 = Debug|Any CPU
		{43D5EA5B-0A54-4E72-8957-1D585B4BB705}.Release|Any CPU.ActiveCfg = Release|Any CPU
		{43D5EA5B-0A54-4E72-8957-1D585B4BB705}.Release|Any CPU.Build.0 = Release|Any CPU
		{6F84288E-FCBB-49D6-95BD-473759001265}.Debug|Any CPU.ActiveCfg = Debug|Any CPU
		{6F84288E-FCBB-49D6-95BD-473759001265}.Debug|Any CPU.Build.0 = Debug|Any CPU
		{6F84288E-FCBB-49D6-95BD-473759001265}.Release|Any CPU.ActiveCfg = Release|Any CPU
		{6F84288E-FCBB-49D6-95BD-473759001265}.Release|Any CPU.Build.0 = Release|Any CPU
		{488D5059-51DB-4D1D-BC64-FFC1BA18D0E2}.Debug|Any CPU.ActiveCfg = Debug|Any CPU
		{488D5059-51DB-4D1D-BC64-FFC1BA18D0E2}.Debug|Any CPU.Build.0 = Debug|Any CPU
		{488D5059-51DB-4D1D-BC64-FFC1BA18D0E2}.Release|Any CPU.ActiveCfg = Release|Any CPU
		{488D5059-51DB-4D1D-BC64-FFC1BA18D0E2}.Release|Any CPU.Build.0 = Release|Any CPU
		{E5699032-CFC0-49DE-AB56-79B97A50CA22}.Debug|Any CPU.ActiveCfg = Debug|Any CPU
		{E5699032-CFC0-49DE-AB56-79B97A50CA22}.Debug|Any CPU.Build.0 = Debug|Any CPU
		{E5699032-CFC0-49DE-AB56-79B97A50CA22}.Release|Any CPU.ActiveCfg = Release|Any CPU
		{E5699032-CFC0-49DE-AB56-79B97A50CA22}.Release|Any CPU.Build.0 = Release|Any CPU
		{98AF03C6-F757-461C-8C3B-B4DA32AFE3D7}.Debug|Any CPU.ActiveCfg = Debug|Any CPU
		{98AF03C6-F757-461C-8C3B-B4DA32AFE3D7}.Debug|Any CPU.Build.0 = Debug|Any CPU
		{98AF03C6-F757-461C-8C3B-B4DA32AFE3D7}.Release|Any CPU.ActiveCfg = Release|Any CPU
		{98AF03C6-F757-461C-8C3B-B4DA32AFE3D7}.Release|Any CPU.Build.0 = Release|Any CPU
		{8E110949-2128-4F99-B227-18EDD2C1156C}.Debug|Any CPU.ActiveCfg = Debug|Any CPU
		{8E110949-2128-4F99-B227-18EDD2C1156C}.Debug|Any CPU.Build.0 = Debug|Any CPU
		{8E110949-2128-4F99-B227-18EDD2C1156C}.Release|Any CPU.ActiveCfg = Release|Any CPU
		{8E110949-2128-4F99-B227-18EDD2C1156C}.Release|Any CPU.Build.0 = Release|Any CPU
		{A4A33E2F-E3C4-4507-B1FF-32DC45C97721}.Debug|Any CPU.ActiveCfg = Debug|Any CPU
		{A4A33E2F-E3C4-4507-B1FF-32DC45C97721}.Debug|Any CPU.Build.0 = Debug|Any CPU
		{A4A33E2F-E3C4-4507-B1FF-32DC45C97721}.Release|Any CPU.ActiveCfg = Release|Any CPU
		{A4A33E2F-E3C4-4507-B1FF-32DC45C97721}.Release|Any CPU.Build.0 = Release|Any CPU
		{F5324319-39D4-40ED-BBC8-881ACE3AF9E2}.Debug|Any CPU.ActiveCfg = Debug|Any CPU
		{F5324319-39D4-40ED-BBC8-881ACE3AF9E2}.Debug|Any CPU.Build.0 = Debug|Any CPU
		{F5324319-39D4-40ED-BBC8-881ACE3AF9E2}.Release|Any CPU.ActiveCfg = Release|Any CPU
		{F5324319-39D4-40ED-BBC8-881ACE3AF9E2}.Release|Any CPU.Build.0 = Release|Any CPU
		{2934BB60-57E8-4144-8841-DEFF62286D39}.Debug|Any CPU.ActiveCfg = Debug|Any CPU
		{2934BB60-57E8-4144-8841-DEFF62286D39}.Debug|Any CPU.Build.0 = Debug|Any CPU
		{2934BB60-57E8-4144-8841-DEFF62286D39}.Release|Any CPU.ActiveCfg = Release|Any CPU
		{2934BB60-57E8-4144-8841-DEFF62286D39}.Release|Any CPU.Build.0 = Release|Any CPU
		{50131055-2798-41EB-B564-71CD2C975CFE}.Debug|Any CPU.ActiveCfg = Debug|Any CPU
		{50131055-2798-41EB-B564-71CD2C975CFE}.Debug|Any CPU.Build.0 = Debug|Any CPU
		{50131055-2798-41EB-B564-71CD2C975CFE}.Release|Any CPU.ActiveCfg = Release|Any CPU
		{50131055-2798-41EB-B564-71CD2C975CFE}.Release|Any CPU.Build.0 = Release|Any CPU
	EndGlobalSection
	GlobalSection(SolutionProperties) = preSolution
		HideSolutionNode = FALSE
	EndGlobalSection
	GlobalSection(NestedProjects) = preSolution
		{79E65225-E613-4F2B-9E96-4D429E4656E5} = {5BE839AC-AD92-4EF5-8B46-9DC3689FA2DD}
		{20ED1108-0DCE-46D9-8B59-331860786026} = {5BE839AC-AD92-4EF5-8B46-9DC3689FA2DD}
		{6749AAFB-A8EA-4B06-BB79-A271271A8652} = {33B44350-A39B-4734-9B38-5214654641A3}
		{3CFA019F-0E2A-4AC2-8FAD-EB7530C03BDA} = {33B44350-A39B-4734-9B38-5214654641A3}
		{E58BB0A6-0F18-4EAB-A635-3104BD3BD8A9} = {33B44350-A39B-4734-9B38-5214654641A3}
		{E2B7C241-8E25-4AE1-AC83-2C932E289A54} = {A5E6C4FD-A11C-4D9D-8416-9BC5A7BB2E1E}
		{43D5EA5B-0A54-4E72-8957-1D585B4BB705} = {A5E6C4FD-A11C-4D9D-8416-9BC5A7BB2E1E}
		{6F84288E-FCBB-49D6-95BD-473759001265} = {A5E6C4FD-A11C-4D9D-8416-9BC5A7BB2E1E}
		{488D5059-51DB-4D1D-BC64-FFC1BA18D0E2} = {6C9251E3-E1CE-4F24-B13B-D8C165BE1492}
		{E5699032-CFC0-49DE-AB56-79B97A50CA22} = {E794E63B-059C-4F2F-9BE6-F1A9DA31E648}
		{98AF03C6-F757-461C-8C3B-B4DA32AFE3D7} = {E794E63B-059C-4F2F-9BE6-F1A9DA31E648}
		{8E110949-2128-4F99-B227-18EDD2C1156C} = {E794E63B-059C-4F2F-9BE6-F1A9DA31E648}
		{A4A33E2F-E3C4-4507-B1FF-32DC45C97721} = {E18E5AA9-D0EF-465F-AF61-27C95E170873}
		{F5324319-39D4-40ED-BBC8-881ACE3AF9E2} = {E18E5AA9-D0EF-465F-AF61-27C95E170873}
		{2934BB60-57E8-4144-8841-DEFF62286D39} = {E18E5AA9-D0EF-465F-AF61-27C95E170873}
		{50131055-2798-41EB-B564-71CD2C975CFE} = {4B339E08-659F-4F88-8BB4-EC3274BE78C7}
	EndGlobalSection
	GlobalSection(ExtensibilityGlobals) = postSolution
		SolutionGuid = {2784A78D-43F5-4FAF-9594-18A1D086D9E2}
	EndGlobalSection
EndGlobal
